
Microsoft Visual Studio Solution File, Format Version 12.00
# Visual Studio Version 16
VisualStudioVersion = 16.0.29306.81
MinimumVisualStudioVersion = 10.0.40219.1
Project("{FAE04EC0-301F-11D3-BF4B-00C04F79EFBC}") = "AutoClick", "AutoClick.csproj", "{1D6F0860-2741-4D5D-8B02-15D6EBFAC229}"
EndProject
Global
	GlobalSection(SolutionConfigurationPlatforms) = preSolution
		Debug|Any CPU = Debug|Any CPU
		Release|Any CPU = Release|Any CPU
	EndGlobalSection
	GlobalSection(ProjectConfigurationPlatforms) = postSolution
		{1D6F0860-2741-4D5D-8B02-15D6EBFAC229}.Debug|Any CPU.ActiveCfg = Debug|Any CPU
		{1D6F0860-2741-4D5D-8B02-15D6EBFAC229}.Debug|Any CPU.Build.0 = Debug|Any CPU
		{1D6F0860-2741-4D5D-8B02-15D6EBFAC229}.Release|Any CPU.ActiveCfg = Release|Any CPU
		{1D6F0860-2741-4D5D-8B02-15D6EBFAC229}.Release|Any CPU.Build.0 = Release|Any CPU
	EndGlobalSection
	GlobalSection(SolutionProperties) = preSolution
		HideSolutionNode = FALSE
	EndGlobalSection
	GlobalSection(ExtensibilityGlobals) = postSolution
		SolutionGuid = {292C574E-B642-4F02-981F-9A728B9E27A0}
	EndGlobalSection
EndGlobal
